PODS:
  - CocoaLumberjack (3.6.1):
    - CocoaLumberjack/Core (= 3.6.1)
  - CocoaLumberjack/Core (3.6.1)
  - CompressingAndUploadingLogFileManager (0.1.1):
    - CocoaLumberjack
  - Expecta (1.0.6)

DEPENDENCIES:
  - CompressingAndUploadingLogFileManager (from `../`)
  - Expecta

SPEC REPOS:
  trunk:
    - CocoaLumberjack
    - Expecta

EXTERNAL SOURCES:
  CompressingAndUploadingLogFileManager:
    :path: "../"

SPEC CHECKSUMS:
  CocoaLumberjack: b17ae15142558d08bbacf69775fa10c4abbebcc9
  CompressingAndUploadingLogFileManager: 51cba69e63fe225355ba65d9f0849eac008fd5ce
  Expecta: 3b6bd90a64b9a1dcb0b70aa0e10a7f8f631667d5

PODFILE CHECKSUM: 2e0fbbe83dbdf1b7329760c0b283aa3b8a3c76bd

COCOAPODS: 1.9.1
